
Microsoft Visual Studio Solution File, Format Version 12.00
# Visual Studio 15
VisualStudioVersion = 15.0.27130.2010
MinimumVisualStudioVersion = 10.0.40219.1
Project("{FAE04EC0-301F-11D3-BF4B-00C04F79EFBC}") = "AppVentas", "AppVentas\AppVentas.csproj", "{F6AD8A3F-8BD1-4BF3-A6EA-6D9BAF398E9E}"
EndProject
Project("{FAE04EC0-301F-11D3-BF4B-00C04F79EFBC}") = "CodigoControl", "CodigoControl\CodigoControl.csproj", "{3FC3E4E2-2AEE-4EF5-A473-D7F964AEEB82}"
EndProject
Global
	GlobalSection(SolutionConfigurationPlatforms) = preSolution
		Debug|Any CPU = Debug|Any CPU
		Release|Any CPU = Release|Any CPU
	EndGlobalSection
	GlobalSection(ProjectConfigurationPlatforms) = postSolution
		{F6AD8A3F-8BD1-4BF3-A6EA-6D9BAF398E9E}.Debug|Any CPU.ActiveCfg = Debug|Any CPU
		{F6AD8A3F-8BD1-4BF3-A6EA-6D9BAF398E9E}.Debug|Any CPU.Build.0 = Debug|Any CPU
		{F6AD8A3F-8BD1-4BF3-A6EA-6D9BAF398E9E}.Release|Any CPU.ActiveCfg = Release|Any CPU
		{F6AD8A3F-8BD1-4BF3-A6EA-6D9BAF398E9E}.Release|Any CPU.Build.0 = Release|Any CPU
		{3FC3E4E2-2AEE-4EF5-A473-D7F964AEEB82}.Debug|Any CPU.ActiveCfg = Debug|Any CPU
		{3FC3E4E2-2AEE-4EF5-A473-D7F964AEEB82}.Debug|Any CPU.Build.0 = Debug|Any CPU
		{3FC3E4E2-2AEE-4EF5-A473-D7F964AEEB82}.Release|Any CPU.ActiveCfg = Release|Any CPU
		{3FC3E4E2-2AEE-4EF5-A473-D7F964AEEB82}.Release|Any CPU.Build.0 = Release|Any CPU
	EndGlobalSection
	GlobalSection(SolutionProperties) = preSolution
		HideSolutionNode = FALSE
	EndGlobalSection
	GlobalSection(ExtensibilityGlobals) = postSolution
		SolutionGuid = {29C9CF2E-FF28-4397-BF4D-5059883FE47C}
	EndGlobalSection
EndGlobal
